<?xml version="1.0" encoding="utf-8"?>
<Project ToolsVersion="4.0" xmlns="http://schemas.microsoft.com/developer/msbuild/2003">
  <ItemGroup>
    <Filter Include="Source Files">
      <UniqueIdentifier>{4FC737F1-C7A5-4376-A066-2A32D752A2FF}</UniqueIdentifier>
      <Extensions>cpp;c;cc;cxx;def;odl;idl;hpj;bat;asm;asmx</Extensions>
    </Filter>
    <Filter Include="Header Files">
      <UniqueIdentifier>{93995380-89BD-4b04-88EB-625FBE52EBFB}</UniqueIdentifier>
      <Extensions>h;hh;hpp;hxx;hm;inl;inc;xsd</Extensions>
    </Filter>
    <Filter Include="Resource Files">
      <UniqueIdentifier>{67DA6AB6-F800-4c08-8B7A-83BB121AAD01}</UniqueIdentifier>
      <Extensions>rc;ico;cur;bmp;dlg;rc2;rct;bin;rgs;gif;jpg;jpeg;jpe;resx;tiff;tif;png;wav;mfcribbon-ms</Extensions>
    </Filter>
    <Filter Include="Generated Files">
      <UniqueIdentifier>{d1f4c452-f22b-4fcf-996b-39608589a7ad}</UniqueIdentifier>
    </Filter>
    <Filter Include="Generated Files\Debug">
      <UniqueIdentifier>{583021c0-b172-4a88-b5bd-0ccc02aa809d}</UniqueIdentifier>
    </Filter>
    <Filter Include="Source Files\Support">
      <UniqueIdentifier>{3512a67c-c368-420f-9f9e-78d570eb30e2}</UniqueIdentifier>
    </Filter>
    <Filter Include="Header Files\Support">
      <UniqueIdentifier>{1675e373-0811-4907-8ca6-6febf22f04ae}</UniqueIdentifier>
    </Filter>
    <Filter Include="Generated Files\Release">
      <UniqueIdentifier>{2e4df6e2-1a59-4588-a740-e08a9bdedb67}</UniqueIdentifier>
    </Filter>
  </ItemGroup>
  <ItemGroup>
    <ClCompile Include="TestMulti.cpp">
      <Filter>Source Files</Filter>
    </ClCompile>
    <ClCompile Include="..\..\AeroMap\Photo.cpp">
      <Filter>Source Files</Filter>
    </ClCompile>
    <ClCompile Include="..\..\AeroMap\Reconstruction.cpp">
      <Filter>Source Files</Filter>
    </ClCompile>
    <ClCompile Include="Debug\moc_Project.cpp">
      <Filter>Generated Files\Debug</Filter>
    </ClCompile>
    <ClCompile Include="..\..\AeroMap\Multispectral.cpp">
      <Filter>Source Files</Filter>
    </ClCompile>
    <ClCompile Include="..\..\AeroMap\AeroLib.cpp">
      <Filter>Source Files\Support</Filter>
    </ClCompile>
    <ClCompile Include="..\..\Common\Calc.cpp">
      <Filter>Source Files\Support</Filter>
    </ClCompile>
    <ClCompile Include="..\..\Common\exif.cpp">
      <Filter>Source Files\Support</Filter>
    </ClCompile>
    <ClCompile Include="..\..\AeroMap\GcpFile.cpp">
      <Filter>Source Files\Support</Filter>
    </ClCompile>
    <ClCompile Include="..\..\Common\Logger.cpp">
      <Filter>Source Files\Support</Filter>
    </ClCompile>
    <ClCompile Include="..\..\Common\MarkLib.cpp">
      <Filter>Source Files\Support</Filter>
    </ClCompile>
    <ClCompile Include="..\..\AeroMap\Project.cpp">
      <Filter>Source Files\Support</Filter>
    </ClCompile>
    <ClCompile Include="..\..\Common\TextFile.cpp">
      <Filter>Source Files\Support</Filter>
    </ClCompile>
    <ClCompile Include="..\..\Common\TinyEXIF.cpp">
      <Filter>Source Files\Support</Filter>
    </ClCompile>
    <ClCompile Include="..\..\Common\TinyXML2.cpp">
      <Filter>Source Files\Support</Filter>
    </ClCompile>
    <ClCompile Include="Release\moc_Project.cpp">
      <Filter>Generated Files\Release</Filter>
    </ClCompile>
    <ClCompile Include="..\..\Common\Gis.cpp">
      <Filter>Source Files\Support</Filter>
    </ClCompile>
    <ClCompile Include="..\..\Common\LasFile.cpp">
      <Filter>Source Files\Support</Filter>
    </ClCompile>
  </ItemGroup>
  <ItemGroup>
    <ClInclude Include="..\..\AeroMap\Photo.h">
      <Filter>Header Files</Filter>
    </ClInclude>
    <ClInclude Include="..\..\AeroMap\Reconstruction.h">
      <Filter>Header Files</Filter>
    </ClInclude>
    <ClInclude Include="..\..\AeroMap\Multispectral.h">
      <Filter>Header Files</Filter>
    </ClInclude>
    <ClInclude Include="..\..\AeroMap\AeroLib.h">
      <Filter>Header Files\Support</Filter>
    </ClInclude>
    <ClInclude Include="..\..\Common\Calc.h">
      <Filter>Header Files\Support</Filter>
    </ClInclude>
    <ClInclude Include="..\..\Common\exif.h">
      <Filter>Header Files\Support</Filter>
    </ClInclude>
    <ClInclude Include="..\..\AeroMap\GcpFile.h">
      <Filter>Header Files\Support</Filter>
    </ClInclude>
    <ClInclude Include="..\..\Common\Logger.h">
      <Filter>Header Files\Support</Filter>
    </ClInclude>
    <ClInclude Include="..\..\Common\MarkLib.h">
      <Filter>Header Files\Support</Filter>
    </ClInclude>
    <ClInclude Include="..\..\Common\MarkTypes.h">
      <Filter>Header Files\Support</Filter>
    </ClInclude>
    <ClInclude Include="..\..\Common\TextFile.h">
      <Filter>Header Files\Support</Filter>
    </ClInclude>
    <ClInclude Include="..\..\Common\TinyEXIF.h">
      <Filter>Header Files\Support</Filter>
    </ClInclude>
    <ClInclude Include="..\..\Common\TinyXML2.h">
      <Filter>Header Files\Support</Filter>
    </ClInclude>
    <ClInclude Include="..\..\Common\Gis.h">
      <Filter>Header Files\Support</Filter>
    </ClInclude>
    <ClInclude Include="..\..\Common\LasFile.h">
      <Filter>Header Files\Support</Filter>
    </ClInclude>
  </ItemGroup>
  <ItemGroup>
    <CustomBuild Include="..\..\AeroMap\Project.h">
      <Filter>Header Files\Support</Filter>
    </CustomBuild>
  </ItemGroup>
</Project>