
Microsoft Visual Studio Solution File, Format Version 12.00
# Visual Studio Version 16
VisualStudioVersion = 16.0.35229.62
MinimumVisualStudioVersion = 10.0.40219.1
Project("{8BC9CEB8-8B4A-11D0-8D11-00A0C91BC942}") = "addtiffo", "contrib\addtiffo\addtiffo.vcxproj", "{55CCEBB8-D922-37FB-B40C-FCDC61E362F1}"
	ProjectSection(ProjectDependencies) = postProject
		{50923FF9-F5AB-3CCD-A39D-DA5E834CBBBE} = {50923FF9-F5AB-3CCD-A39D-DA5E834CBBBE}
		{FE61516B-7ACA-378B-9421-15B513805714} = {FE61516B-7ACA-378B-9421-15B513805714}
	EndProjectSection
EndProject
Project("{8BC9CEB8-8B4A-11D0-8D11-00A0C91BC942}") = "ascii_tag", "test\ascii_tag.vcxproj", "{4C16D4F1-D9D8-3064-BE43-C0E1673EE3E5}"
	ProjectSection(ProjectDependencies) = postProject
		{50923FF9-F5AB-3CCD-A39D-DA5E834CBBBE} = {50923FF9-F5AB-3CCD-A39D-DA5E834CBBBE}
		{FE61516B-7ACA-378B-9421-15B513805714} = {FE61516B-7ACA-378B-9421-15B513805714}
	EndProjectSection
EndProject
Project("{8BC9CEB8-8B4A-11D0-8D11-00A0C91BC942}") = "custom_dir", "test\custom_dir.vcxproj", "{13B9214E-29CA-3264-AADD-88387F21B390}"
	ProjectSection(ProjectDependencies) = postProject
		{50923FF9-F5AB-3CCD-A39D-DA5E834CBBBE} = {50923FF9-F5AB-3CCD-A39D-DA5E834CBBBE}
		{FE61516B-7ACA-378B-9421-15B513805714} = {FE61516B-7ACA-378B-9421-15B513805714}
	EndProjectSection
EndProject
Project("{8BC9CEB8-8B4A-11D0-8D11-00A0C91BC942}") = "custom_dir_EXIF_231", "test\custom_dir_EXIF_231.vcxproj", "{0AB66D45-7E16-3867-B914-E115EC590642}"
	ProjectSection(ProjectDependencies) = postProject
		{50923FF9-F5AB-3CCD-A39D-DA5E834CBBBE} = {50923FF9-F5AB-3CCD-A39D-DA5E834CBBBE}
		{FE61516B-7ACA-378B-9421-15B513805714} = {FE61516B-7ACA-378B-9421-15B513805714}
	EndProjectSection
EndProject
Project("{8BC9CEB8-8B4A-11D0-8D11-00A0C91BC942}") = "defer_strile_loading", "test\defer_strile_loading.vcxproj", "{22D350E0-6BC0-34D5-A70A-68972CD74AED}"
	ProjectSection(ProjectDependencies) = postProject
		{50923FF9-F5AB-3CCD-A39D-DA5E834CBBBE} = {50923FF9-F5AB-3CCD-A39D-DA5E834CBBBE}
		{FE61516B-7ACA-378B-9421-15B513805714} = {FE61516B-7ACA-378B-9421-15B513805714}
	EndProjectSection
EndProject
Project("{8BC9CEB8-8B4A-11D0-8D11-00A0C91BC942}") = "defer_strile_writing", "test\defer_strile_writing.vcxproj", "{D1AF9E43-D5FF-3306-99D7-985CD94D4E53}"
	ProjectSection(ProjectDependencies) = postProject
		{50923FF9-F5AB-3CCD-A39D-DA5E834CBBBE} = {50923FF9-F5AB-3CCD-A39D-DA5E834CBBBE}
		{FE61516B-7ACA-378B-9421-15B513805714} = {FE61516B-7ACA-378B-9421-15B513805714}
	EndProjectSection
EndProject
Project("{8BC9CEB8-8B4A-11D0-8D11-00A0C91BC942}") = "fax2ps", "tools\fax2ps.vcxproj", "{25A2CB28-6605-3A55-8A25-2166C8555021}"
	ProjectSection(ProjectDependencies) = postProject
		{50923FF9-F5AB-3CCD-A39D-DA5E834CBBBE} = {50923FF9-F5AB-3CCD-A39D-DA5E834CBBBE}
		{FE61516B-7ACA-378B-9421-15B513805714} = {FE61516B-7ACA-378B-9421-15B513805714}
	EndProjectSection
EndProject
Project("{8BC9CEB8-8B4A-11D0-8D11-00A0C91BC942}") = "fax2tiff", "tools\fax2tiff.vcxproj", "{D896A07B-BA23-37B5-BE80-866D54438AA8}"
	ProjectSection(ProjectDependencies) = postProject
		{50923FF9-F5AB-3CCD-A39D-DA5E834CBBBE} = {50923FF9-F5AB-3CCD-A39D-DA5E834CBBBE}
		{FE61516B-7ACA-378B-9421-15B513805714} = {FE61516B-7ACA-378B-9421-15B513805714}
	EndProjectSection
EndProject
Project("{8BC9CEB8-8B4A-11D0-8D11-00A0C91BC942}") = "iptcutil", "contrib\iptcutil\iptcutil.vcxproj", "{B8A3475F-59C5-3CA9-98DC-C3820B103B77}"
	ProjectSection(ProjectDependencies) = postProject
		{50923FF9-F5AB-3CCD-A39D-DA5E834CBBBE} = {50923FF9-F5AB-3CCD-A39D-DA5E834CBBBE}
		{FE61516B-7ACA-378B-9421-15B513805714} = {FE61516B-7ACA-378B-9421-15B513805714}
	EndProjectSection
EndProject
Project("{8BC9CEB8-8B4A-11D0-8D11-00A0C91BC942}") = "long_tag", "test\long_tag.vcxproj", "{FAB9F70D-635A-3CD2-9DF2-74310E3059A3}"
	ProjectSection(ProjectDependencies) = postProject
		{50923FF9-F5AB-3CCD-A39D-DA5E834CBBBE} = {50923FF9-F5AB-3CCD-A39D-DA5E834CBBBE}
		{FE61516B-7ACA-378B-9421-15B513805714} = {FE61516B-7ACA-378B-9421-15B513805714}
	EndProjectSection
EndProject
Project("{8BC9CEB8-8B4A-11D0-8D11-00A0C91BC942}") = "pal2rgb", "tools\pal2rgb.vcxproj", "{68D653DC-3345-3656-96E8-DD595443C5AE}"
	ProjectSection(ProjectDependencies) = postProject
		{50923FF9-F5AB-3CCD-A39D-DA5E834CBBBE} = {50923FF9-F5AB-3CCD-A39D-DA5E834CBBBE}
		{FE61516B-7ACA-378B-9421-15B513805714} = {FE61516B-7ACA-378B-9421-15B513805714}
	EndProjectSection
EndProject
Project("{8BC9CEB8-8B4A-11D0-8D11-00A0C91BC942}") = "ppm2tiff", "tools\ppm2tiff.vcxproj", "{3A4C7E77-60DD-3FBE-B495-08F2E23414CB}"
	ProjectSection(ProjectDependencies) = postProject
		{50923FF9-F5AB-3CCD-A39D-DA5E834CBBBE} = {50923FF9-F5AB-3CCD-A39D-DA5E834CBBBE}
		{FE61516B-7ACA-378B-9421-15B513805714} = {FE61516B-7ACA-378B-9421-15B513805714}
	EndProjectSection
EndProject
Project("{8BC9CEB8-8B4A-11D0-8D11-00A0C91BC942}") = "raw2tiff", "tools\raw2tiff.vcxproj", "{18E1B3BE-0ED4-3E8C-930D-936B39877E36}"
	ProjectSection(ProjectDependencies) = postProject
		{50923FF9-F5AB-3CCD-A39D-DA5E834CBBBE} = {50923FF9-F5AB-3CCD-A39D-DA5E834CBBBE}
		{FE61516B-7ACA-378B-9421-15B513805714} = {FE61516B-7ACA-378B-9421-15B513805714}
	EndProjectSection
EndProject
Project("{8BC9CEB8-8B4A-11D0-8D11-00A0C91BC942}") = "rewrite", "test\rewrite.vcxproj", "{B13FBF9A-EEA1-3020-99BB-FB49F8A3EE33}"
	ProjectSection(ProjectDependencies) = postProject
		{50923FF9-F5AB-3CCD-A39D-DA5E834CBBBE} = {50923FF9-F5AB-3CCD-A39D-DA5E834CBBBE}
		{FE61516B-7ACA-378B-9421-15B513805714} = {FE61516B-7ACA-378B-9421-15B513805714}
	EndProjectSection
EndProject
Project("{8BC9CEB8-8B4A-11D0-8D11-00A0C91BC942}") = "rgb2ycbcr", "tools\rgb2ycbcr.vcxproj", "{E941F3CD-9619-36A4-B92C-CF16475ED64F}"
	ProjectSection(ProjectDependencies) = postProject
		{50923FF9-F5AB-3CCD-A39D-DA5E834CBBBE} = {50923FF9-F5AB-3CCD-A39D-DA5E834CBBBE}
		{FE61516B-7ACA-378B-9421-15B513805714} = {FE61516B-7ACA-378B-9421-15B513805714}
	EndProjectSection
EndProject
Project("{8BC9CEB8-8B4A-11D0-8D11-00A0C91BC942}") = "short_tag", "test\short_tag.vcxproj", "{65001229-A32B-3395-9C51-F7440D1A9AEC}"
	ProjectSection(ProjectDependencies) = postProject
		{50923FF9-F5AB-3CCD-A39D-DA5E834CBBBE} = {50923FF9-F5AB-3CCD-A39D-DA5E834CBBBE}
		{FE61516B-7ACA-378B-9421-15B513805714} = {FE61516B-7ACA-378B-9421-15B513805714}
	EndProjectSection
EndProject
Project("{8BC9CEB8-8B4A-11D0-8D11-00A0C91BC942}") = "strip_rw", "test\strip_rw.vcxproj", "{24C7247A-4D8C-3AC3-935C-D632DC84F7C6}"
	ProjectSection(ProjectDependencies) = postProject
		{50923FF9-F5AB-3CCD-A39D-DA5E834CBBBE} = {50923FF9-F5AB-3CCD-A39D-DA5E834CBBBE}
		{FE61516B-7ACA-378B-9421-15B513805714} = {FE61516B-7ACA-378B-9421-15B513805714}
	EndProjectSection
EndProject
Project("{8BC9CEB8-8B4A-11D0-8D11-00A0C91BC942}") = "test_IFD_enlargement", "test\test_IFD_enlargement.vcxproj", "{F2AF3D33-9178-3CAD-8499-25B4EC3A4E67}"
	ProjectSection(ProjectDependencies) = postProject
		{50923FF9-F5AB-3CCD-A39D-DA5E834CBBBE} = {50923FF9-F5AB-3CCD-A39D-DA5E834CBBBE}
		{FE61516B-7ACA-378B-9421-15B513805714} = {FE61516B-7ACA-378B-9421-15B513805714}
	EndProjectSection
EndProject
Project("{8BC9CEB8-8B4A-11D0-8D11-00A0C91BC942}") = "test_append_to_strip", "test\test_append_to_strip.vcxproj", "{F83DCF76-993B-38ED-82D1-55B7B73C3619}"
	ProjectSection(ProjectDependencies) = postProject
		{50923FF9-F5AB-3CCD-A39D-DA5E834CBBBE} = {50923FF9-F5AB-3CCD-A39D-DA5E834CBBBE}
		{FE61516B-7ACA-378B-9421-15B513805714} = {FE61516B-7ACA-378B-9421-15B513805714}
	EndProjectSection
EndProject
Project("{8BC9CEB8-8B4A-11D0-8D11-00A0C91BC942}") = "test_directory", "test\test_directory.vcxproj", "{A1241465-7D8D-3E55-901B-1B72756CAB47}"
	ProjectSection(ProjectDependencies) = postProject
		{50923FF9-F5AB-3CCD-A39D-DA5E834CBBBE} = {50923FF9-F5AB-3CCD-A39D-DA5E834CBBBE}
		{FE61516B-7ACA-378B-9421-15B513805714} = {FE61516B-7ACA-378B-9421-15B513805714}
	EndProjectSection
EndProject
Project("{8BC9CEB8-8B4A-11D0-8D11-00A0C91BC942}") = "test_ifd_loop_detection", "test\test_ifd_loop_detection.vcxproj", "{6788B332-178B-3D2B-B1AE-703B8BFF4E45}"
	ProjectSection(ProjectDependencies) = postProject
		{50923FF9-F5AB-3CCD-A39D-DA5E834CBBBE} = {50923FF9-F5AB-3CCD-A39D-DA5E834CBBBE}
		{FE61516B-7ACA-378B-9421-15B513805714} = {FE61516B-7ACA-378B-9421-15B513805714}
	EndProjectSection
EndProject
Project("{8BC9CEB8-8B4A-11D0-8D11-00A0C91BC942}") = "test_open_options", "test\test_open_options.vcxproj", "{D48C3FEC-A819-3D96-85A8-133F28051080}"
	ProjectSection(ProjectDependencies) = postProject
		{50923FF9-F5AB-3CCD-A39D-DA5E834CBBBE} = {50923FF9-F5AB-3CCD-A39D-DA5E834CBBBE}
		{FE61516B-7ACA-378B-9421-15B513805714} = {FE61516B-7ACA-378B-9421-15B513805714}
	EndProjectSection
EndProject
Project("{8BC9CEB8-8B4A-11D0-8D11-00A0C91BC942}") = "test_signed_tags", "test\test_signed_tags.vcxproj", "{D9AA1B80-0C8F-354F-ACEF-C80E37711D51}"
	ProjectSection(ProjectDependencies) = postProject
		{50923FF9-F5AB-3CCD-A39D-DA5E834CBBBE} = {50923FF9-F5AB-3CCD-A39D-DA5E834CBBBE}
		{FE61516B-7ACA-378B-9421-15B513805714} = {FE61516B-7ACA-378B-9421-15B513805714}
	EndProjectSection
EndProject
Project("{8BC9CEB8-8B4A-11D0-8D11-00A0C91BC942}") = "testtypes", "test\testtypes.vcxproj", "{FDDB042E-7FE5-3279-9F79-9AEC9C7FE8E4}"
	ProjectSection(ProjectDependencies) = postProject
		{50923FF9-F5AB-3CCD-A39D-DA5E834CBBBE} = {50923FF9-F5AB-3CCD-A39D-DA5E834CBBBE}
		{FE61516B-7ACA-378B-9421-15B513805714} = {FE61516B-7ACA-378B-9421-15B513805714}
	EndProjectSection
EndProject
Project("{8BC9CEB8-8B4A-11D0-8D11-00A0C91BC942}") = "thumbnail", "tools\thumbnail.vcxproj", "{EDE4FB09-0E87-3F3A-9AC3-8717D13CDB08}"
	ProjectSection(ProjectDependencies) = postProject
		{50923FF9-F5AB-3CCD-A39D-DA5E834CBBBE} = {50923FF9-F5AB-3CCD-A39D-DA5E834CBBBE}
		{FE61516B-7ACA-378B-9421-15B513805714} = {FE61516B-7ACA-378B-9421-15B513805714}
	EndProjectSection
EndProject
Project("{8BC9CEB8-8B4A-11D0-8D11-00A0C91BC942}") = "tiff", "libtiff\tiff.vcxproj", "{50923FF9-F5AB-3CCD-A39D-DA5E834CBBBE}"
EndProject
Project("{8BC9CEB8-8B4A-11D0-8D11-00A0C91BC942}") = "tiff-bi", "contrib\dbs\tiff-bi.vcxproj", "{20BE5EBD-187A-378C-82C1-B80864987FEA}"
	ProjectSection(ProjectDependencies) = postProject
		{50923FF9-F5AB-3CCD-A39D-DA5E834CBBBE} = {50923FF9-F5AB-3CCD-A39D-DA5E834CBBBE}
		{FE61516B-7ACA-378B-9421-15B513805714} = {FE61516B-7ACA-378B-9421-15B513805714}
	EndProjectSection
EndProject
Project("{8BC9CEB8-8B4A-11D0-8D11-00A0C91BC942}") = "tiff-grayscale", "contrib\dbs\tiff-grayscale.vcxproj", "{27A8A1A9-9E60-3540-B2D5-249CC28D7E68}"
	ProjectSection(ProjectDependencies) = postProject
		{50923FF9-F5AB-3CCD-A39D-DA5E834CBBBE} = {50923FF9-F5AB-3CCD-A39D-DA5E834CBBBE}
		{FE61516B-7ACA-378B-9421-15B513805714} = {FE61516B-7ACA-378B-9421-15B513805714}
	EndProjectSection
EndProject
Project("{8BC9CEB8-8B4A-11D0-8D11-00A0C91BC942}") = "tiff-palette", "contrib\dbs\tiff-palette.vcxproj", "{B7A8D38A-3104-328F-8EC0-2FDAB489CE0E}"
	ProjectSection(ProjectDependencies) = postProject
		{50923FF9-F5AB-3CCD-A39D-DA5E834CBBBE} = {50923FF9-F5AB-3CCD-A39D-DA5E834CBBBE}
		{FE61516B-7ACA-378B-9421-15B513805714} = {FE61516B-7ACA-378B-9421-15B513805714}
	EndProjectSection
EndProject
Project("{8BC9CEB8-8B4A-11D0-8D11-00A0C91BC942}") = "tiff-rgb", "contrib\dbs\tiff-rgb.vcxproj", "{ECDDB475-A464-37E0-8040-743A9277790E}"
	ProjectSection(ProjectDependencies) = postProject
		{50923FF9-F5AB-3CCD-A39D-DA5E834CBBBE} = {50923FF9-F5AB-3CCD-A39D-DA5E834CBBBE}
		{FE61516B-7ACA-378B-9421-15B513805714} = {FE61516B-7ACA-378B-9421-15B513805714}
	EndProjectSection
EndProject
Project("{8BC9CEB8-8B4A-11D0-8D11-00A0C91BC942}") = "tiff2bw", "tools\tiff2bw.vcxproj", "{DFE1CF45-164E-3CC9-9478-F1F5D09BDA7E}"
	ProjectSection(ProjectDependencies) = postProject
		{50923FF9-F5AB-3CCD-A39D-DA5E834CBBBE} = {50923FF9-F5AB-3CCD-A39D-DA5E834CBBBE}
		{FE61516B-7ACA-378B-9421-15B513805714} = {FE61516B-7ACA-378B-9421-15B513805714}
	EndProjectSection
EndProject
Project("{8BC9CEB8-8B4A-11D0-8D11-00A0C91BC942}") = "tiff2pdf", "tools\tiff2pdf.vcxproj", "{20A4AC81-B5AA-3FD8-BBBF-6C5719602894}"
	ProjectSection(ProjectDependencies) = postProject
		{50923FF9-F5AB-3CCD-A39D-DA5E834CBBBE} = {50923FF9-F5AB-3CCD-A39D-DA5E834CBBBE}
		{FE61516B-7ACA-378B-9421-15B513805714} = {FE61516B-7ACA-378B-9421-15B513805714}
	EndProjectSection
EndProject
Project("{8BC9CEB8-8B4A-11D0-8D11-00A0C91BC942}") = "tiff2ps", "tools\tiff2ps.vcxproj", "{5921C466-4287-3640-9F13-5513380338EF}"
	ProjectSection(ProjectDependencies) = postProject
		{50923FF9-F5AB-3CCD-A39D-DA5E834CBBBE} = {50923FF9-F5AB-3CCD-A39D-DA5E834CBBBE}
		{FE61516B-7ACA-378B-9421-15B513805714} = {FE61516B-7ACA-378B-9421-15B513805714}
	EndProjectSection
EndProject
Project("{8BC9CEB8-8B4A-11D0-8D11-00A0C91BC942}") = "tiff2rgba", "tools\tiff2rgba.vcxproj", "{42C5992C-CA56-3FD2-B0E3-616CE37913EF}"
	ProjectSection(ProjectDependencies) = postProject
		{50923FF9-F5AB-3CCD-A39D-DA5E834CBBBE} = {50923FF9-F5AB-3CCD-A39D-DA5E834CBBBE}
		{FE61516B-7ACA-378B-9421-15B513805714} = {FE61516B-7ACA-378B-9421-15B513805714}
	EndProjectSection
EndProject
Project("{8BC9CEB8-8B4A-11D0-8D11-00A0C91BC942}") = "tiff_faxtable", "libtiff\tiff_faxtable.vcxproj", "{0919F06F-9EDD-3E67-9831-E42E77FA1155}"
	ProjectSection(ProjectDependencies) = postProject
		{BDA996F5-E9ED-37C8-A2ED-257F5D14DDEF} = {BDA996F5-E9ED-37C8-A2ED-257F5D14DDEF}
	EndProjectSection
EndProject
Project("{8BC9CEB8-8B4A-11D0-8D11-00A0C91BC942}") = "tiff_mkg3states", "libtiff\tiff_mkg3states.vcxproj", "{BDA996F5-E9ED-37C8-A2ED-257F5D14DDEF}"
	ProjectSection(ProjectDependencies) = postProject
		{50923FF9-F5AB-3CCD-A39D-DA5E834CBBBE} = {50923FF9-F5AB-3CCD-A39D-DA5E834CBBBE}
		{FE61516B-7ACA-378B-9421-15B513805714} = {FE61516B-7ACA-378B-9421-15B513805714}
	EndProjectSection
EndProject
Project("{8BC9CEB8-8B4A-11D0-8D11-00A0C91BC942}") = "tiff_port", "port\tiff_port.vcxproj", "{FE61516B-7ACA-378B-9421-15B513805714}"
EndProject
Project("{8BC9CEB8-8B4A-11D0-8D11-00A0C91BC942}") = "tiff_release", "tiff_release.vcxproj", "{3A233430-EA1A-31E8-B8C9-5424DBBC7C8E}"
EndProject
Project("{8BC9CEB8-8B4A-11D0-8D11-00A0C91BC942}") = "tiffcmp", "tools\tiffcmp.vcxproj", "{2F7B05B8-D398-36C9-9B93-E98E00FCC334}"
	ProjectSection(ProjectDependencies) = postProject
		{50923FF9-F5AB-3CCD-A39D-DA5E834CBBBE} = {50923FF9-F5AB-3CCD-A39D-DA5E834CBBBE}
		{FE61516B-7ACA-378B-9421-15B513805714} = {FE61516B-7ACA-378B-9421-15B513805714}
	EndProjectSection
EndProject
Project("{8BC9CEB8-8B4A-11D0-8D11-00A0C91BC942}") = "tiffcp", "tools\tiffcp.vcxproj", "{638251D5-F7D1-317F-AA9B-ACFDB54899E1}"
	ProjectSection(ProjectDependencies) = postProject
		{50923FF9-F5AB-3CCD-A39D-DA5E834CBBBE} = {50923FF9-F5AB-3CCD-A39D-DA5E834CBBBE}
		{FE61516B-7ACA-378B-9421-15B513805714} = {FE61516B-7ACA-378B-9421-15B513805714}
	EndProjectSection
EndProject
Project("{8BC9CEB8-8B4A-11D0-8D11-00A0C91BC942}") = "tiffcrop", "tools\tiffcrop.vcxproj", "{2537358F-122E-30BD-B8C2-A299249F65DB}"
	ProjectSection(ProjectDependencies) = postProject
		{50923FF9-F5AB-3CCD-A39D-DA5E834CBBBE} = {50923FF9-F5AB-3CCD-A39D-DA5E834CBBBE}
		{FE61516B-7ACA-378B-9421-15B513805714} = {FE61516B-7ACA-378B-9421-15B513805714}
	EndProjectSection
EndProject
Project("{8BC9CEB8-8B4A-11D0-8D11-00A0C91BC942}") = "tiffdither", "tools\tiffdither.vcxproj", "{CFBE6642-5D18-3D9C-BD9D-BE5AFABAACFF}"
	ProjectSection(ProjectDependencies) = postProject
		{50923FF9-F5AB-3CCD-A39D-DA5E834CBBBE} = {50923FF9-F5AB-3CCD-A39D-DA5E834CBBBE}
		{FE61516B-7ACA-378B-9421-15B513805714} = {FE61516B-7ACA-378B-9421-15B513805714}
	EndProjectSection
EndProject
Project("{8BC9CEB8-8B4A-11D0-8D11-00A0C91BC942}") = "tiffdump", "tools\tiffdump.vcxproj", "{6D4E106C-0DB9-3A58-95FB-96D1CEE6D8FC}"
	ProjectSection(ProjectDependencies) = postProject
		{50923FF9-F5AB-3CCD-A39D-DA5E834CBBBE} = {50923FF9-F5AB-3CCD-A39D-DA5E834CBBBE}
		{FE61516B-7ACA-378B-9421-15B513805714} = {FE61516B-7ACA-378B-9421-15B513805714}
	EndProjectSection
EndProject
Project("{8BC9CEB8-8B4A-11D0-8D11-00A0C91BC942}") = "tiffinfo", "tools\tiffinfo.vcxproj", "{3AF47982-C1B9-3E1A-896E-814A2646F467}"
	ProjectSection(ProjectDependencies) = postProject
		{50923FF9-F5AB-3CCD-A39D-DA5E834CBBBE} = {50923FF9-F5AB-3CCD-A39D-DA5E834CBBBE}
		{FE61516B-7ACA-378B-9421-15B513805714} = {FE61516B-7ACA-378B-9421-15B513805714}
	EndProjectSection
EndProject
Project("{8BC9CEB8-8B4A-11D0-8D11-00A0C91BC942}") = "tiffmedian", "tools\tiffmedian.vcxproj", "{EE8276A4-A1DD-3C4F-B9EF-9BF55415754F}"
	ProjectSection(ProjectDependencies) = postProject
		{50923FF9-F5AB-3CCD-A39D-DA5E834CBBBE} = {50923FF9-F5AB-3CCD-A39D-DA5E834CBBBE}
		{FE61516B-7ACA-378B-9421-15B513805714} = {FE61516B-7ACA-378B-9421-15B513805714}
	EndProjectSection
EndProject
Project("{8BC9CEB8-8B4A-11D0-8D11-00A0C91BC942}") = "tiffset", "tools\tiffset.vcxproj", "{88523862-518C-3AC9-9400-24160CB9CB5F}"
	ProjectSection(ProjectDependencies) = postProject
		{50923FF9-F5AB-3CCD-A39D-DA5E834CBBBE} = {50923FF9-F5AB-3CCD-A39D-DA5E834CBBBE}
		{FE61516B-7ACA-378B-9421-15B513805714} = {FE61516B-7ACA-378B-9421-15B513805714}
	EndProjectSection
EndProject
Project("{8BC9CEB8-8B4A-11D0-8D11-00A0C91BC942}") = "tiffsplit", "tools\tiffsplit.vcxproj", "{14D49033-82C0-3F9C-AAE9-74A24A9DE456}"
	ProjectSection(ProjectDependencies) = postProject
		{50923FF9-F5AB-3CCD-A39D-DA5E834CBBBE} = {50923FF9-F5AB-3CCD-A39D-DA5E834CBBBE}
		{FE61516B-7ACA-378B-9421-15B513805714} = {FE61516B-7ACA-378B-9421-15B513805714}
	EndProjectSection
EndProject
Project("{8BC9CEB8-8B4A-11D0-8D11-00A0C91BC942}") = "tiffxx", "libtiff\tiffxx.vcxproj", "{605CAA4A-EAC9-39AA-8879-9D3AD24BDF5C}"
	ProjectSection(ProjectDependencies) = postProject
		{50923FF9-F5AB-3CCD-A39D-DA5E834CBBBE} = {50923FF9-F5AB-3CCD-A39D-DA5E834CBBBE}
	EndProjectSection
EndProject
Global
	GlobalSection(SolutionConfigurationPlatforms) = preSolution
		Debug|x64 = Debug|x64
		MinSizeRel|x64 = MinSizeRel|x64
		Release|x64 = Release|x64
		RelWithDebInfo|x64 = RelWithDebInfo|x64
	EndGlobalSection
	GlobalSection(ProjectConfigurationPlatforms) = postSolution
		{55CCEBB8-D922-37FB-B40C-FCDC61E362F1}.Debug|x64.ActiveCfg = Debug|x64
		{55CCEBB8-D922-37FB-B40C-FCDC61E362F1}.Debug|x64.Build.0 = Debug|x64
		{55CCEBB8-D922-37FB-B40C-FCDC61E362F1}.MinSizeRel|x64.ActiveCfg = MinSizeRel|x64
		{55CCEBB8-D922-37FB-B40C-FCDC61E362F1}.MinSizeRel|x64.Build.0 = MinSizeRel|x64
		{55CCEBB8-D922-37FB-B40C-FCDC61E362F1}.Release|x64.ActiveCfg = Release|x64
		{55CCEBB8-D922-37FB-B40C-FCDC61E362F1}.Release|x64.Build.0 = Release|x64
		{55CCEBB8-D922-37FB-B40C-FCDC61E362F1}.RelWithDebInfo|x64.ActiveCfg = RelWithDebInfo|x64
		{55CCEBB8-D922-37FB-B40C-FCDC61E362F1}.RelWithDebInfo|x64.Build.0 = RelWithDebInfo|x64
		{4C16D4F1-D9D8-3064-BE43-C0E1673EE3E5}.Debug|x64.ActiveCfg = Debug|x64
		{4C16D4F1-D9D8-3064-BE43-C0E1673EE3E5}.Debug|x64.Build.0 = Debug|x64
		{4C16D4F1-D9D8-3064-BE43-C0E1673EE3E5}.MinSizeRel|x64.ActiveCfg = MinSizeRel|x64
		{4C16D4F1-D9D8-3064-BE43-C0E1673EE3E5}.MinSizeRel|x64.Build.0 = MinSizeRel|x64
		{4C16D4F1-D9D8-3064-BE43-C0E1673EE3E5}.Release|x64.ActiveCfg = Release|x64
		{4C16D4F1-D9D8-3064-BE43-C0E1673EE3E5}.Release|x64.Build.0 = Release|x64
		{4C16D4F1-D9D8-3064-BE43-C0E1673EE3E5}.RelWithDebInfo|x64.ActiveCfg = RelWithDebInfo|x64
		{4C16D4F1-D9D8-3064-BE43-C0E1673EE3E5}.RelWithDebInfo|x64.Build.0 = RelWithDebInfo|x64
		{13B9214E-29CA-3264-AADD-88387F21B390}.Debug|x64.ActiveCfg = Debug|x64
		{13B9214E-29CA-3264-AADD-88387F21B390}.Debug|x64.Build.0 = Debug|x64
		{13B9214E-29CA-3264-AADD-88387F21B390}.MinSizeRel|x64.ActiveCfg = MinSizeRel|x64
		{13B9214E-29CA-3264-AADD-88387F21B390}.MinSizeRel|x64.Build.0 = MinSizeRel|x64
		{13B9214E-29CA-3264-AADD-88387F21B390}.Release|x64.ActiveCfg = Release|x64
		{13B9214E-29CA-3264-AADD-88387F21B390}.Release|x64.Build.0 = Release|x64
		{13B9214E-29CA-3264-AADD-88387F21B390}.RelWithDebInfo|x64.ActiveCfg = RelWithDebInfo|x64
		{13B9214E-29CA-3264-AADD-88387F21B390}.RelWithDebInfo|x64.Build.0 = RelWithDebInfo|x64
		{0AB66D45-7E16-3867-B914-E115EC590642}.Debug|x64.ActiveCfg = Debug|x64
		{0AB66D45-7E16-3867-B914-E115EC590642}.Debug|x64.Build.0 = Debug|x64
		{0AB66D45-7E16-3867-B914-E115EC590642}.MinSizeRel|x64.ActiveCfg = MinSizeRel|x64
		{0AB66D45-7E16-3867-B914-E115EC590642}.MinSizeRel|x64.Build.0 = MinSizeRel|x64
		{0AB66D45-7E16-3867-B914-E115EC590642}.Release|x64.ActiveCfg = Release|x64
		{0AB66D45-7E16-3867-B914-E115EC590642}.Release|x64.Build.0 = Release|x64
		{0AB66D45-7E16-3867-B914-E115EC590642}.RelWithDebInfo|x64.ActiveCfg = RelWithDebInfo|x64
		{0AB66D45-7E16-3867-B914-E115EC590642}.RelWithDebInfo|x64.Build.0 = RelWithDebInfo|x64
		{22D350E0-6BC0-34D5-A70A-68972CD74AED}.Debug|x64.ActiveCfg = Debug|x64
		{22D350E0-6BC0-34D5-A70A-68972CD74AED}.Debug|x64.Build.0 = Debug|x64
		{22D350E0-6BC0-34D5-A70A-68972CD74AED}.MinSizeRel|x64.ActiveCfg = MinSizeRel|x64
		{22D350E0-6BC0-34D5-A70A-68972CD74AED}.MinSizeRel|x64.Build.0 = MinSizeRel|x64
		{22D350E0-6BC0-34D5-A70A-68972CD74AED}.Release|x64.ActiveCfg = Release|x64
		{22D350E0-6BC0-34D5-A70A-68972CD74AED}.Release|x64.Build.0 = Release|x64
		{22D350E0-6BC0-34D5-A70A-68972CD74AED}.RelWithDebInfo|x64.ActiveCfg = RelWithDebInfo|x64
		{22D350E0-6BC0-34D5-A70A-68972CD74AED}.RelWithDebInfo|x64.Build.0 = RelWithDebInfo|x64
		{D1AF9E43-D5FF-3306-99D7-985CD94D4E53}.Debug|x64.ActiveCfg = Debug|x64
		{D1AF9E43-D5FF-3306-99D7-985CD94D4E53}.Debug|x64.Build.0 = Debug|x64
		{D1AF9E43-D5FF-3306-99D7-985CD94D4E53}.MinSizeRel|x64.ActiveCfg = MinSizeRel|x64
		{D1AF9E43-D5FF-3306-99D7-985CD94D4E53}.MinSizeRel|x64.Build.0 = MinSizeRel|x64
		{D1AF9E43-D5FF-3306-99D7-985CD94D4E53}.Release|x64.ActiveCfg = Release|x64
		{D1AF9E43-D5FF-3306-99D7-985CD94D4E53}.Release|x64.Build.0 = Release|x64
		{D1AF9E43-D5FF-3306-99D7-985CD94D4E53}.RelWithDebInfo|x64.ActiveCfg = RelWithDebInfo|x64
		{D1AF9E43-D5FF-3306-99D7-985CD94D4E53}.RelWithDebInfo|x64.Build.0 = RelWithDebInfo|x64
		{25A2CB28-6605-3A55-8A25-2166C8555021}.Debug|x64.ActiveCfg = Debug|x64
		{25A2CB28-6605-3A55-8A25-2166C8555021}.Debug|x64.Build.0 = Debug|x64
		{25A2CB28-6605-3A55-8A25-2166C8555021}.MinSizeRel|x64.ActiveCfg = MinSizeRel|x64
		{25A2CB28-6605-3A55-8A25-2166C8555021}.MinSizeRel|x64.Build.0 = MinSizeRel|x64
		{25A2CB28-6605-3A55-8A25-2166C8555021}.Release|x64.ActiveCfg = Release|x64
		{25A2CB28-6605-3A55-8A25-2166C8555021}.Release|x64.Build.0 = Release|x64
		{25A2CB28-6605-3A55-8A25-2166C8555021}.RelWithDebInfo|x64.ActiveCfg = RelWithDebInfo|x64
		{25A2CB28-6605-3A55-8A25-2166C8555021}.RelWithDebInfo|x64.Build.0 = RelWithDebInfo|x64
		{D896A07B-BA23-37B5-BE80-866D54438AA8}.Debug|x64.ActiveCfg = Debug|x64
		{D896A07B-BA23-37B5-BE80-866D54438AA8}.Debug|x64.Build.0 = Debug|x64
		{D896A07B-BA23-37B5-BE80-866D54438AA8}.MinSizeRel|x64.ActiveCfg = MinSizeRel|x64
		{D896A07B-BA23-37B5-BE80-866D54438AA8}.MinSizeRel|x64.Build.0 = MinSizeRel|x64
		{D896A07B-BA23-37B5-BE80-866D54438AA8}.Release|x64.ActiveCfg = Release|x64
		{D896A07B-BA23-37B5-BE80-866D54438AA8}.Release|x64.Build.0 = Release|x64
		{D896A07B-BA23-37B5-BE80-866D54438AA8}.RelWithDebInfo|x64.ActiveCfg = RelWithDebInfo|x64
		{D896A07B-BA23-37B5-BE80-866D54438AA8}.RelWithDebInfo|x64.Build.0 = RelWithDebInfo|x64
		{B8A3475F-59C5-3CA9-98DC-C3820B103B77}.Debug|x64.ActiveCfg = Debug|x64
		{B8A3475F-59C5-3CA9-98DC-C3820B103B77}.Debug|x64.Build.0 = Debug|x64
		{B8A3475F-59C5-3CA9-98DC-C3820B103B77}.MinSizeRel|x64.ActiveCfg = MinSizeRel|x64
		{B8A3475F-59C5-3CA9-98DC-C3820B103B77}.MinSizeRel|x64.Build.0 = MinSizeRel|x64
		{B8A3475F-59C5-3CA9-98DC-C3820B103B77}.Release|x64.ActiveCfg = Release|x64
		{B8A3475F-59C5-3CA9-98DC-C3820B103B77}.Release|x64.Build.0 = Release|x64
		{B8A3475F-59C5-3CA9-98DC-C3820B103B77}.RelWithDebInfo|x64.ActiveCfg = RelWithDebInfo|x64
		{B8A3475F-59C5-3CA9-98DC-C3820B103B77}.RelWithDebInfo|x64.Build.0 = RelWithDebInfo|x64
		{FAB9F70D-635A-3CD2-9DF2-74310E3059A3}.Debug|x64.ActiveCfg = Debug|x64
		{FAB9F70D-635A-3CD2-9DF2-74310E3059A3}.Debug|x64.Build.0 = Debug|x64
		{FAB9F70D-635A-3CD2-9DF2-74310E3059A3}.MinSizeRel|x64.ActiveCfg = MinSizeRel|x64
		{FAB9F70D-635A-3CD2-9DF2-74310E3059A3}.MinSizeRel|x64.Build.0 = MinSizeRel|x64
		{FAB9F70D-635A-3CD2-9DF2-74310E3059A3}.Release|x64.ActiveCfg = Release|x64
		{FAB9F70D-635A-3CD2-9DF2-74310E3059A3}.Release|x64.Build.0 = Release|x64
		{FAB9F70D-635A-3CD2-9DF2-74310E3059A3}.RelWithDebInfo|x64.ActiveCfg = RelWithDebInfo|x64
		{FAB9F70D-635A-3CD2-9DF2-74310E3059A3}.RelWithDebInfo|x64.Build.0 = RelWithDebInfo|x64
		{68D653DC-3345-3656-96E8-DD595443C5AE}.Debug|x64.ActiveCfg = Debug|x64
		{68D653DC-3345-3656-96E8-DD595443C5AE}.Debug|x64.Build.0 = Debug|x64
		{68D653DC-3345-3656-96E8-DD595443C5AE}.MinSizeRel|x64.ActiveCfg = MinSizeRel|x64
		{68D653DC-3345-3656-96E8-DD595443C5AE}.MinSizeRel|x64.Build.0 = MinSizeRel|x64
		{68D653DC-3345-3656-96E8-DD595443C5AE}.Release|x64.ActiveCfg = Release|x64
		{68D653DC-3345-3656-96E8-DD595443C5AE}.Release|x64.Build.0 = Release|x64
		{68D653DC-3345-3656-96E8-DD595443C5AE}.RelWithDebInfo|x64.ActiveCfg = RelWithDebInfo|x64
		{68D653DC-3345-3656-96E8-DD595443C5AE}.RelWithDebInfo|x64.Build.0 = RelWithDebInfo|x64
		{3A4C7E77-60DD-3FBE-B495-08F2E23414CB}.Debug|x64.ActiveCfg = Debug|x64
		{3A4C7E77-60DD-3FBE-B495-08F2E23414CB}.Debug|x64.Build.0 = Debug|x64
		{3A4C7E77-60DD-3FBE-B495-08F2E23414CB}.MinSizeRel|x64.ActiveCfg = MinSizeRel|x64
		{3A4C7E77-60DD-3FBE-B495-08F2E23414CB}.MinSizeRel|x64.Build.0 = MinSizeRel|x64
		{3A4C7E77-60DD-3FBE-B495-08F2E23414CB}.Release|x64.ActiveCfg = Release|x64
		{3A4C7E77-60DD-3FBE-B495-08F2E23414CB}.Release|x64.Build.0 = Release|x64
		{3A4C7E77-60DD-3FBE-B495-08F2E23414CB}.RelWithDebInfo|x64.ActiveCfg = RelWithDebInfo|x64
		{3A4C7E77-60DD-3FBE-B495-08F2E23414CB}.RelWithDebInfo|x64.Build.0 = RelWithDebInfo|x64
		{18E1B3BE-0ED4-3E8C-930D-936B39877E36}.Debug|x64.ActiveCfg = Debug|x64
		{18E1B3BE-0ED4-3E8C-930D-936B39877E36}.Debug|x64.Build.0 = Debug|x64
		{18E1B3BE-0ED4-3E8C-930D-936B39877E36}.MinSizeRel|x64.ActiveCfg = MinSizeRel|x64
		{18E1B3BE-0ED4-3E8C-930D-936B39877E36}.MinSizeRel|x64.Build.0 = MinSizeRel|x64
		{18E1B3BE-0ED4-3E8C-930D-936B39877E36}.Release|x64.ActiveCfg = Release|x64
		{18E1B3BE-0ED4-3E8C-930D-936B39877E36}.Release|x64.Build.0 = Release|x64
		{18E1B3BE-0ED4-3E8C-930D-936B39877E36}.RelWithDebInfo|x64.ActiveCfg = RelWithDebInfo|x64
		{18E1B3BE-0ED4-3E8C-930D-936B39877E36}.RelWithDebInfo|x64.Build.0 = RelWithDebInfo|x64
		{B13FBF9A-EEA1-3020-99BB-FB49F8A3EE33}.Debug|x64.ActiveCfg = Debug|x64
		{B13FBF9A-EEA1-3020-99BB-FB49F8A3EE33}.Debug|x64.Build.0 = Debug|x64
		{B13FBF9A-EEA1-3020-99BB-FB49F8A3EE33}.MinSizeRel|x64.ActiveCfg = MinSizeRel|x64
		{B13FBF9A-EEA1-3020-99BB-FB49F8A3EE33}.MinSizeRel|x64.Build.0 = MinSizeRel|x64
		{B13FBF9A-EEA1-3020-99BB-FB49F8A3EE33}.Release|x64.ActiveCfg = Release|x64
		{B13FBF9A-EEA1-3020-99BB-FB49F8A3EE33}.Release|x64.Build.0 = Release|x64
		{B13FBF9A-EEA1-3020-99BB-FB49F8A3EE33}.RelWithDebInfo|x64.ActiveCfg = RelWithDebInfo|x64
		{B13FBF9A-EEA1-3020-99BB-FB49F8A3EE33}.RelWithDebInfo|x64.Build.0 = RelWithDebInfo|x64
		{E941F3CD-9619-36A4-B92C-CF16475ED64F}.Debug|x64.ActiveCfg = Debug|x64
		{E941F3CD-9619-36A4-B92C-CF16475ED64F}.Debug|x64.Build.0 = Debug|x64
		{E941F3CD-9619-36A4-B92C-CF16475ED64F}.MinSizeRel|x64.ActiveCfg = MinSizeRel|x64
		{E941F3CD-9619-36A4-B92C-CF16475ED64F}.MinSizeRel|x64.Build.0 = MinSizeRel|x64
		{E941F3CD-9619-36A4-B92C-CF16475ED64F}.Release|x64.ActiveCfg = Release|x64
		{E941F3CD-9619-36A4-B92C-CF16475ED64F}.Release|x64.Build.0 = Release|x64
		{E941F3CD-9619-36A4-B92C-CF16475ED64F}.RelWithDebInfo|x64.ActiveCfg = RelWithDebInfo|x64
		{E941F3CD-9619-36A4-B92C-CF16475ED64F}.RelWithDebInfo|x64.Build.0 = RelWithDebInfo|x64
		{65001229-A32B-3395-9C51-F7440D1A9AEC}.Debug|x64.ActiveCfg = Debug|x64
		{65001229-A32B-3395-9C51-F7440D1A9AEC}.Debug|x64.Build.0 = Debug|x64
		{65001229-A32B-3395-9C51-F7440D1A9AEC}.MinSizeRel|x64.ActiveCfg = MinSizeRel|x64
		{65001229-A32B-3395-9C51-F7440D1A9AEC}.MinSizeRel|x64.Build.0 = MinSizeRel|x64
		{65001229-A32B-3395-9C51-F7440D1A9AEC}.Release|x64.ActiveCfg = Release|x64
		{65001229-A32B-3395-9C51-F7440D1A9AEC}.Release|x64.Build.0 = Release|x64
		{65001229-A32B-3395-9C51-F7440D1A9AEC}.RelWithDebInfo|x64.ActiveCfg = RelWithDebInfo|x64
		{65001229-A32B-3395-9C51-F7440D1A9AEC}.RelWithDebInfo|x64.Build.0 = RelWithDebInfo|x64
		{24C7247A-4D8C-3AC3-935C-D632DC84F7C6}.Debug|x64.ActiveCfg = Debug|x64
		{24C7247A-4D8C-3AC3-935C-D632DC84F7C6}.Debug|x64.Build.0 = Debug|x64
		{24C7247A-4D8C-3AC3-935C-D632DC84F7C6}.MinSizeRel|x64.ActiveCfg = MinSizeRel|x64
		{24C7247A-4D8C-3AC3-935C-D632DC84F7C6}.MinSizeRel|x64.Build.0 = MinSizeRel|x64
		{24C7247A-4D8C-3AC3-935C-D632DC84F7C6}.Release|x64.ActiveCfg = Release|x64
		{24C7247A-4D8C-3AC3-935C-D632DC84F7C6}.Release|x64.Build.0 = Release|x64
		{24C7247A-4D8C-3AC3-935C-D632DC84F7C6}.RelWithDebInfo|x64.ActiveCfg = RelWithDebInfo|x64
		{24C7247A-4D8C-3AC3-935C-D632DC84F7C6}.RelWithDebInfo|x64.Build.0 = RelWithDebInfo|x64
		{F2AF3D33-9178-3CAD-8499-25B4EC3A4E67}.Debug|x64.ActiveCfg = Debug|x64
		{F2AF3D33-9178-3CAD-8499-25B4EC3A4E67}.Debug|x64.Build.0 = Debug|x64
		{F2AF3D33-9178-3CAD-8499-25B4EC3A4E67}.MinSizeRel|x64.ActiveCfg = MinSizeRel|x64
		{F2AF3D33-9178-3CAD-8499-25B4EC3A4E67}.MinSizeRel|x64.Build.0 = MinSizeRel|x64
		{F2AF3D33-9178-3CAD-8499-25B4EC3A4E67}.Release|x64.ActiveCfg = Release|x64
		{F2AF3D33-9178-3CAD-8499-25B4EC3A4E67}.Release|x64.Build.0 = Release|x64
		{F2AF3D33-9178-3CAD-8499-25B4EC3A4E67}.RelWithDebInfo|x64.ActiveCfg = RelWithDebInfo|x64
		{F2AF3D33-9178-3CAD-8499-25B4EC3A4E67}.RelWithDebInfo|x64.Build.0 = RelWithDebInfo|x64
		{F83DCF76-993B-38ED-82D1-55B7B73C3619}.Debug|x64.ActiveCfg = Debug|x64
		{F83DCF76-993B-38ED-82D1-55B7B73C3619}.Debug|x64.Build.0 = Debug|x64
		{F83DCF76-993B-38ED-82D1-55B7B73C3619}.MinSizeRel|x64.ActiveCfg = MinSizeRel|x64
		{F83DCF76-993B-38ED-82D1-55B7B73C3619}.MinSizeRel|x64.Build.0 = MinSizeRel|x64
		{F83DCF76-993B-38ED-82D1-55B7B73C3619}.Release|x64.ActiveCfg = Release|x64
		{F83DCF76-993B-38ED-82D1-55B7B73C3619}.Release|x64.Build.0 = Release|x64
		{F83DCF76-993B-38ED-82D1-55B7B73C3619}.RelWithDebInfo|x64.ActiveCfg = RelWithDebInfo|x64
		{F83DCF76-993B-38ED-82D1-55B7B73C3619}.RelWithDebInfo|x64.Build.0 = RelWithDebInfo|x64
		{A1241465-7D8D-3E55-901B-1B72756CAB47}.Debug|x64.ActiveCfg = Debug|x64
		{A1241465-7D8D-3E55-901B-1B72756CAB47}.Debug|x64.Build.0 = Debug|x64
		{A1241465-7D8D-3E55-901B-1B72756CAB47}.MinSizeRel|x64.ActiveCfg = MinSizeRel|x64
		{A1241465-7D8D-3E55-901B-1B72756CAB47}.MinSizeRel|x64.Build.0 = MinSizeRel|x64
		{A1241465-7D8D-3E55-901B-1B72756CAB47}.Release|x64.ActiveCfg = Release|x64
		{A1241465-7D8D-3E55-901B-1B72756CAB47}.Release|x64.Build.0 = Release|x64
		{A1241465-7D8D-3E55-901B-1B72756CAB47}.RelWithDebInfo|x64.ActiveCfg = RelWithDebInfo|x64
		{A1241465-7D8D-3E55-901B-1B72756CAB47}.RelWithDebInfo|x64.Build.0 = RelWithDebInfo|x64
		{6788B332-178B-3D2B-B1AE-703B8BFF4E45}.Debug|x64.ActiveCfg = Debug|x64
		{6788B332-178B-3D2B-B1AE-703B8BFF4E45}.Debug|x64.Build.0 = Debug|x64
		{6788B332-178B-3D2B-B1AE-703B8BFF4E45}.MinSizeRel|x64.ActiveCfg = MinSizeRel|x64
		{6788B332-178B-3D2B-B1AE-703B8BFF4E45}.MinSizeRel|x64.Build.0 = MinSizeRel|x64
		{6788B332-178B-3D2B-B1AE-703B8BFF4E45}.Release|x64.ActiveCfg = Release|x64
		{6788B332-178B-3D2B-B1AE-703B8BFF4E45}.Release|x64.Build.0 = Release|x64
		{6788B332-178B-3D2B-B1AE-703B8BFF4E45}.RelWithDebInfo|x64.ActiveCfg = RelWithDebInfo|x64
		{6788B332-178B-3D2B-B1AE-703B8BFF4E45}.RelWithDebInfo|x64.Build.0 = RelWithDebInfo|x64
		{D48C3FEC-A819-3D96-85A8-133F28051080}.Debug|x64.ActiveCfg = Debug|x64
		{D48C3FEC-A819-3D96-85A8-133F28051080}.Debug|x64.Build.0 = Debug|x64
		{D48C3FEC-A819-3D96-85A8-133F28051080}.MinSizeRel|x64.ActiveCfg = MinSizeRel|x64
		{D48C3FEC-A819-3D96-85A8-133F28051080}.MinSizeRel|x64.Build.0 = MinSizeRel|x64
		{D48C3FEC-A819-3D96-85A8-133F28051080}.Release|x64.ActiveCfg = Release|x64
		{D48C3FEC-A819-3D96-85A8-133F28051080}.Release|x64.Build.0 = Release|x64
		{D48C3FEC-A819-3D96-85A8-133F28051080}.RelWithDebInfo|x64.ActiveCfg = RelWithDebInfo|x64
		{D48C3FEC-A819-3D96-85A8-133F28051080}.RelWithDebInfo|x64.Build.0 = RelWithDebInfo|x64
		{D9AA1B80-0C8F-354F-ACEF-C80E37711D51}.Debug|x64.ActiveCfg = Debug|x64
		{D9AA1B80-0C8F-354F-ACEF-C80E37711D51}.Debug|x64.Build.0 = Debug|x64
		{D9AA1B80-0C8F-354F-ACEF-C80E37711D51}.MinSizeRel|x64.ActiveCfg = MinSizeRel|x64
		{D9AA1B80-0C8F-354F-ACEF-C80E37711D51}.MinSizeRel|x64.Build.0 = MinSizeRel|x64
		{D9AA1B80-0C8F-354F-ACEF-C80E37711D51}.Release|x64.ActiveCfg = Release|x64
		{D9AA1B80-0C8F-354F-ACEF-C80E37711D51}.Release|x64.Build.0 = Release|x64
		{D9AA1B80-0C8F-354F-ACEF-C80E37711D51}.RelWithDebInfo|x64.ActiveCfg = RelWithDebInfo|x64
		{D9AA1B80-0C8F-354F-ACEF-C80E37711D51}.RelWithDebInfo|x64.Build.0 = RelWithDebInfo|x64
		{FDDB042E-7FE5-3279-9F79-9AEC9C7FE8E4}.Debug|x64.ActiveCfg = Debug|x64
		{FDDB042E-7FE5-3279-9F79-9AEC9C7FE8E4}.Debug|x64.Build.0 = Debug|x64
		{FDDB042E-7FE5-3279-9F79-9AEC9C7FE8E4}.MinSizeRel|x64.ActiveCfg = MinSizeRel|x64
		{FDDB042E-7FE5-3279-9F79-9AEC9C7FE8E4}.MinSizeRel|x64.Build.0 = MinSizeRel|x64
		{FDDB042E-7FE5-3279-9F79-9AEC9C7FE8E4}.Release|x64.ActiveCfg = Release|x64
		{FDDB042E-7FE5-3279-9F79-9AEC9C7FE8E4}.Release|x64.Build.0 = Release|x64
		{FDDB042E-7FE5-3279-9F79-9AEC9C7FE8E4}.RelWithDebInfo|x64.ActiveCfg = RelWithDebInfo|x64
		{FDDB042E-7FE5-3279-9F79-9AEC9C7FE8E4}.RelWithDebInfo|x64.Build.0 = RelWithDebInfo|x64
		{EDE4FB09-0E87-3F3A-9AC3-8717D13CDB08}.Debug|x64.ActiveCfg = Debug|x64
		{EDE4FB09-0E87-3F3A-9AC3-8717D13CDB08}.Debug|x64.Build.0 = Debug|x64
		{EDE4FB09-0E87-3F3A-9AC3-8717D13CDB08}.MinSizeRel|x64.ActiveCfg = MinSizeRel|x64
		{EDE4FB09-0E87-3F3A-9AC3-8717D13CDB08}.MinSizeRel|x64.Build.0 = MinSizeRel|x64
		{EDE4FB09-0E87-3F3A-9AC3-8717D13CDB08}.Release|x64.ActiveCfg = Release|x64
		{EDE4FB09-0E87-3F3A-9AC3-8717D13CDB08}.Release|x64.Build.0 = Release|x64
		{EDE4FB09-0E87-3F3A-9AC3-8717D13CDB08}.RelWithDebInfo|x64.ActiveCfg = RelWithDebInfo|x64
		{EDE4FB09-0E87-3F3A-9AC3-8717D13CDB08}.RelWithDebInfo|x64.Build.0 = RelWithDebInfo|x64
		{50923FF9-F5AB-3CCD-A39D-DA5E834CBBBE}.Debug|x64.ActiveCfg = Debug|x64
		{50923FF9-F5AB-3CCD-A39D-DA5E834CBBBE}.Debug|x64.Build.0 = Debug|x64
		{50923FF9-F5AB-3CCD-A39D-DA5E834CBBBE}.MinSizeRel|x64.ActiveCfg = MinSizeRel|x64
		{50923FF9-F5AB-3CCD-A39D-DA5E834CBBBE}.MinSizeRel|x64.Build.0 = MinSizeRel|x64
		{50923FF9-F5AB-3CCD-A39D-DA5E834CBBBE}.Release|x64.ActiveCfg = Release|x64
		{50923FF9-F5AB-3CCD-A39D-DA5E834CBBBE}.Release|x64.Build.0 = Release|x64
		{50923FF9-F5AB-3CCD-A39D-DA5E834CBBBE}.RelWithDebInfo|x64.ActiveCfg = RelWithDebInfo|x64
		{50923FF9-F5AB-3CCD-A39D-DA5E834CBBBE}.RelWithDebInfo|x64.Build.0 = RelWithDebInfo|x64
		{20BE5EBD-187A-378C-82C1-B80864987FEA}.Debug|x64.ActiveCfg = Debug|x64
		{20BE5EBD-187A-378C-82C1-B80864987FEA}.Debug|x64.Build.0 = Debug|x64
		{20BE5EBD-187A-378C-82C1-B80864987FEA}.MinSizeRel|x64.ActiveCfg = MinSizeRel|x64
		{20BE5EBD-187A-378C-82C1-B80864987FEA}.MinSizeRel|x64.Build.0 = MinSizeRel|x64
		{20BE5EBD-187A-378C-82C1-B80864987FEA}.Release|x64.ActiveCfg = Release|x64
		{20BE5EBD-187A-378C-82C1-B80864987FEA}.Release|x64.Build.0 = Release|x64
		{20BE5EBD-187A-378C-82C1-B80864987FEA}.RelWithDebInfo|x64.ActiveCfg = RelWithDebInfo|x64
		{20BE5EBD-187A-378C-82C1-B80864987FEA}.RelWithDebInfo|x64.Build.0 = RelWithDebInfo|x64
		{27A8A1A9-9E60-3540-B2D5-249CC28D7E68}.Debug|x64.ActiveCfg = Debug|x64
		{27A8A1A9-9E60-3540-B2D5-249CC28D7E68}.Debug|x64.Build.0 = Debug|x64
		{27A8A1A9-9E60-3540-B2D5-249CC28D7E68}.MinSizeRel|x64.ActiveCfg = MinSizeRel|x64
		{27A8A1A9-9E60-3540-B2D5-249CC28D7E68}.MinSizeRel|x64.Build.0 = MinSizeRel|x64
		{27A8A1A9-9E60-3540-B2D5-249CC28D7E68}.Release|x64.ActiveCfg = Release|x64
		{27A8A1A9-9E60-3540-B2D5-249CC28D7E68}.Release|x64.Build.0 = Release|x64
		{27A8A1A9-9E60-3540-B2D5-249CC28D7E68}.RelWithDebInfo|x64.ActiveCfg = RelWithDebInfo|x64
		{27A8A1A9-9E60-3540-B2D5-249CC28D7E68}.RelWithDebInfo|x64.Build.0 = RelWithDebInfo|x64
		{B7A8D38A-3104-328F-8EC0-2FDAB489CE0E}.Debug|x64.ActiveCfg = Debug|x64
		{B7A8D38A-3104-328F-8EC0-2FDAB489CE0E}.Debug|x64.Build.0 = Debug|x64
		{B7A8D38A-3104-328F-8EC0-2FDAB489CE0E}.MinSizeRel|x64.ActiveCfg = MinSizeRel|x64
		{B7A8D38A-3104-328F-8EC0-2FDAB489CE0E}.MinSizeRel|x64.Build.0 = MinSizeRel|x64
		{B7A8D38A-3104-328F-8EC0-2FDAB489CE0E}.Release|x64.ActiveCfg = Release|x64
		{B7A8D38A-3104-328F-8EC0-2FDAB489CE0E}.Release|x64.Build.0 = Release|x64
		{B7A8D38A-3104-328F-8EC0-2FDAB489CE0E}.RelWithDebInfo|x64.ActiveCfg = RelWithDebInfo|x64
		{B7A8D38A-3104-328F-8EC0-2FDAB489CE0E}.RelWithDebInfo|x64.Build.0 = RelWithDebInfo|x64
		{ECDDB475-A464-37E0-8040-743A9277790E}.Debug|x64.ActiveCfg = Debug|x64
		{ECDDB475-A464-37E0-8040-743A9277790E}.Debug|x64.Build.0 = Debug|x64
		{ECDDB475-A464-37E0-8040-743A9277790E}.MinSizeRel|x64.ActiveCfg = MinSizeRel|x64
		{ECDDB475-A464-37E0-8040-743A9277790E}.MinSizeRel|x64.Build.0 = MinSizeRel|x64
		{ECDDB475-A464-37E0-8040-743A9277790E}.Release|x64.ActiveCfg = Release|x64
		{ECDDB475-A464-37E0-8040-743A9277790E}.Release|x64.Build.0 = Release|x64
		{ECDDB475-A464-37E0-8040-743A9277790E}.RelWithDebInfo|x64.ActiveCfg = RelWithDebInfo|x64
		{ECDDB475-A464-37E0-8040-743A9277790E}.RelWithDebInfo|x64.Build.0 = RelWithDebInfo|x64
		{DFE1CF45-164E-3CC9-9478-F1F5D09BDA7E}.Debug|x64.ActiveCfg = Debug|x64
		{DFE1CF45-164E-3CC9-9478-F1F5D09BDA7E}.Debug|x64.Build.0 = Debug|x64
		{DFE1CF45-164E-3CC9-9478-F1F5D09BDA7E}.MinSizeRel|x64.ActiveCfg = MinSizeRel|x64
		{DFE1CF45-164E-3CC9-9478-F1F5D09BDA7E}.MinSizeRel|x64.Build.0 = MinSizeRel|x64
		{DFE1CF45-164E-3CC9-9478-F1F5D09BDA7E}.Release|x64.ActiveCfg = Release|x64
		{DFE1CF45-164E-3CC9-9478-F1F5D09BDA7E}.Release|x64.Build.0 = Release|x64
		{DFE1CF45-164E-3CC9-9478-F1F5D09BDA7E}.RelWithDebInfo|x64.ActiveCfg = RelWithDebInfo|x64
		{DFE1CF45-164E-3CC9-9478-F1F5D09BDA7E}.RelWithDebInfo|x64.Build.0 = RelWithDebInfo|x64
		{20A4AC81-B5AA-3FD8-BBBF-6C5719602894}.Debug|x64.ActiveCfg = Debug|x64
		{20A4AC81-B5AA-3FD8-BBBF-6C5719602894}.Debug|x64.Build.0 = Debug|x64
		{20A4AC81-B5AA-3FD8-BBBF-6C5719602894}.MinSizeRel|x64.ActiveCfg = MinSizeRel|x64
		{20A4AC81-B5AA-3FD8-BBBF-6C5719602894}.MinSizeRel|x64.Build.0 = MinSizeRel|x64
		{20A4AC81-B5AA-3FD8-BBBF-6C5719602894}.Release|x64.ActiveCfg = Release|x64
		{20A4AC81-B5AA-3FD8-BBBF-6C5719602894}.Release|x64.Build.0 = Release|x64
		{20A4AC81-B5AA-3FD8-BBBF-6C5719602894}.RelWithDebInfo|x64.ActiveCfg = RelWithDebInfo|x64
		{20A4AC81-B5AA-3FD8-BBBF-6C5719602894}.RelWithDebInfo|x64.Build.0 = RelWithDebInfo|x64
		{5921C466-4287-3640-9F13-5513380338EF}.Debug|x64.ActiveCfg = Debug|x64
		{5921C466-4287-3640-9F13-5513380338EF}.Debug|x64.Build.0 = Debug|x64
		{5921C466-4287-3640-9F13-5513380338EF}.MinSizeRel|x64.ActiveCfg = MinSizeRel|x64
		{5921C466-4287-3640-9F13-5513380338EF}.MinSizeRel|x64.Build.0 = MinSizeRel|x64
		{5921C466-4287-3640-9F13-5513380338EF}.Release|x64.ActiveCfg = Release|x64
		{5921C466-4287-3640-9F13-5513380338EF}.Release|x64.Build.0 = Release|x64
		{5921C466-4287-3640-9F13-5513380338EF}.RelWithDebInfo|x64.ActiveCfg = RelWithDebInfo|x64
		{5921C466-4287-3640-9F13-5513380338EF}.RelWithDebInfo|x64.Build.0 = RelWithDebInfo|x64
		{42C5992C-CA56-3FD2-B0E3-616CE37913EF}.Debug|x64.ActiveCfg = Debug|x64
		{42C5992C-CA56-3FD2-B0E3-616CE37913EF}.Debug|x64.Build.0 = Debug|x64
		{42C5992C-CA56-3FD2-B0E3-616CE37913EF}.MinSizeRel|x64.ActiveCfg = MinSizeRel|x64
		{42C5992C-CA56-3FD2-B0E3-616CE37913EF}.MinSizeRel|x64.Build.0 = MinSizeRel|x64
		{42C5992C-CA56-3FD2-B0E3-616CE37913EF}.Release|x64.ActiveCfg = Release|x64
		{42C5992C-CA56-3FD2-B0E3-616CE37913EF}.Release|x64.Build.0 = Release|x64
		{42C5992C-CA56-3FD2-B0E3-616CE37913EF}.RelWithDebInfo|x64.ActiveCfg = RelWithDebInfo|x64
		{42C5992C-CA56-3FD2-B0E3-616CE37913EF}.RelWithDebInfo|x64.Build.0 = RelWithDebInfo|x64
		{0919F06F-9EDD-3E67-9831-E42E77FA1155}.Debug|x64.ActiveCfg = Debug|x64
		{0919F06F-9EDD-3E67-9831-E42E77FA1155}.MinSizeRel|x64.ActiveCfg = MinSizeRel|x64
		{0919F06F-9EDD-3E67-9831-E42E77FA1155}.Release|x64.ActiveCfg = Release|x64
		{0919F06F-9EDD-3E67-9831-E42E77FA1155}.RelWithDebInfo|x64.ActiveCfg = RelWithDebInfo|x64
		{BDA996F5-E9ED-37C8-A2ED-257F5D14DDEF}.Debug|x64.ActiveCfg = Debug|x64
		{BDA996F5-E9ED-37C8-A2ED-257F5D14DDEF}.Debug|x64.Build.0 = Debug|x64
		{BDA996F5-E9ED-37C8-A2ED-257F5D14DDEF}.MinSizeRel|x64.ActiveCfg = MinSizeRel|x64
		{BDA996F5-E9ED-37C8-A2ED-257F5D14DDEF}.MinSizeRel|x64.Build.0 = MinSizeRel|x64
		{BDA996F5-E9ED-37C8-A2ED-257F5D14DDEF}.Release|x64.ActiveCfg = Release|x64
		{BDA996F5-E9ED-37C8-A2ED-257F5D14DDEF}.Release|x64.Build.0 = Release|x64
		{BDA996F5-E9ED-37C8-A2ED-257F5D14DDEF}.RelWithDebInfo|x64.ActiveCfg = RelWithDebInfo|x64
		{BDA996F5-E9ED-37C8-A2ED-257F5D14DDEF}.RelWithDebInfo|x64.Build.0 = RelWithDebInfo|x64
		{FE61516B-7ACA-378B-9421-15B513805714}.Debug|x64.ActiveCfg = Debug|x64
		{FE61516B-7ACA-378B-9421-15B513805714}.Debug|x64.Build.0 = Debug|x64
		{FE61516B-7ACA-378B-9421-15B513805714}.MinSizeRel|x64.ActiveCfg = MinSizeRel|x64
		{FE61516B-7ACA-378B-9421-15B513805714}.MinSizeRel|x64.Build.0 = MinSizeRel|x64
		{FE61516B-7ACA-378B-9421-15B513805714}.Release|x64.ActiveCfg = Release|x64
		{FE61516B-7ACA-378B-9421-15B513805714}.Release|x64.Build.0 = Release|x64
		{FE61516B-7ACA-378B-9421-15B513805714}.RelWithDebInfo|x64.ActiveCfg = RelWithDebInfo|x64
		{FE61516B-7ACA-378B-9421-15B513805714}.RelWithDebInfo|x64.Build.0 = RelWithDebInfo|x64
		{3A233430-EA1A-31E8-B8C9-5424DBBC7C8E}.Debug|x64.ActiveCfg = Debug|x64
		{3A233430-EA1A-31E8-B8C9-5424DBBC7C8E}.MinSizeRel|x64.ActiveCfg = MinSizeRel|x64
		{3A233430-EA1A-31E8-B8C9-5424DBBC7C8E}.Release|x64.ActiveCfg = Release|x64
		{3A233430-EA1A-31E8-B8C9-5424DBBC7C8E}.RelWithDebInfo|x64.ActiveCfg = RelWithDebInfo|x64
		{2F7B05B8-D398-36C9-9B93-E98E00FCC334}.Debug|x64.ActiveCfg = Debug|x64
		{2F7B05B8-D398-36C9-9B93-E98E00FCC334}.Debug|x64.Build.0 = Debug|x64
		{2F7B05B8-D398-36C9-9B93-E98E00FCC334}.MinSizeRel|x64.ActiveCfg = MinSizeRel|x64
		{2F7B05B8-D398-36C9-9B93-E98E00FCC334}.MinSizeRel|x64.Build.0 = MinSizeRel|x64
		{2F7B05B8-D398-36C9-9B93-E98E00FCC334}.Release|x64.ActiveCfg = Release|x64
		{2F7B05B8-D398-36C9-9B93-E98E00FCC334}.Release|x64.Build.0 = Release|x64
		{2F7B05B8-D398-36C9-9B93-E98E00FCC334}.RelWithDebInfo|x64.ActiveCfg = RelWithDebInfo|x64
		{2F7B05B8-D398-36C9-9B93-E98E00FCC334}.RelWithDebInfo|x64.Build.0 = RelWithDebInfo|x64
		{638251D5-F7D1-317F-AA9B-ACFDB54899E1}.Debug|x64.ActiveCfg = Debug|x64
		{638251D5-F7D1-317F-AA9B-ACFDB54899E1}.Debug|x64.Build.0 = Debug|x64
		{638251D5-F7D1-317F-AA9B-ACFDB54899E1}.MinSizeRel|x64.ActiveCfg = MinSizeRel|x64
		{638251D5-F7D1-317F-AA9B-ACFDB54899E1}.MinSizeRel|x64.Build.0 = MinSizeRel|x64
		{638251D5-F7D1-317F-AA9B-ACFDB54899E1}.Release|x64.ActiveCfg = Release|x64
		{638251D5-F7D1-317F-AA9B-ACFDB54899E1}.Release|x64.Build.0 = Release|x64
		{638251D5-F7D1-317F-AA9B-ACFDB54899E1}.RelWithDebInfo|x64.ActiveCfg = RelWithDebInfo|x64
		{638251D5-F7D1-317F-AA9B-ACFDB54899E1}.RelWithDebInfo|x64.Build.0 = RelWithDebInfo|x64
		{2537358F-122E-30BD-B8C2-A299249F65DB}.Debug|x64.ActiveCfg = Debug|x64
		{2537358F-122E-30BD-B8C2-A299249F65DB}.Debug|x64.Build.0 = Debug|x64
		{2537358F-122E-30BD-B8C2-A299249F65DB}.MinSizeRel|x64.ActiveCfg = MinSizeRel|x64
		{2537358F-122E-30BD-B8C2-A299249F65DB}.MinSizeRel|x64.Build.0 = MinSizeRel|x64
		{2537358F-122E-30BD-B8C2-A299249F65DB}.Release|x64.ActiveCfg = Release|x64
		{2537358F-122E-30BD-B8C2-A299249F65DB}.Release|x64.Build.0 = Release|x64
		{2537358F-122E-30BD-B8C2-A299249F65DB}.RelWithDebInfo|x64.ActiveCfg = RelWithDebInfo|x64
		{2537358F-122E-30BD-B8C2-A299249F65DB}.RelWithDebInfo|x64.Build.0 = RelWithDebInfo|x64
		{CFBE6642-5D18-3D9C-BD9D-BE5AFABAACFF}.Debug|x64.ActiveCfg = Debug|x64
		{CFBE6642-5D18-3D9C-BD9D-BE5AFABAACFF}.Debug|x64.Build.0 = Debug|x64
		{CFBE6642-5D18-3D9C-BD9D-BE5AFABAACFF}.MinSizeRel|x64.ActiveCfg = MinSizeRel|x64
		{CFBE6642-5D18-3D9C-BD9D-BE5AFABAACFF}.MinSizeRel|x64.Build.0 = MinSizeRel|x64
		{CFBE6642-5D18-3D9C-BD9D-BE5AFABAACFF}.Release|x64.ActiveCfg = Release|x64
		{CFBE6642-5D18-3D9C-BD9D-BE5AFABAACFF}.Release|x64.Build.0 = Release|x64
		{CFBE6642-5D18-3D9C-BD9D-BE5AFABAACFF}.RelWithDebInfo|x64.ActiveCfg = RelWithDebInfo|x64
		{CFBE6642-5D18-3D9C-BD9D-BE5AFABAACFF}.RelWithDebInfo|x64.Build.0 = RelWithDebInfo|x64
		{6D4E106C-0DB9-3A58-95FB-96D1CEE6D8FC}.Debug|x64.ActiveCfg = Debug|x64
		{6D4E106C-0DB9-3A58-95FB-96D1CEE6D8FC}.Debug|x64.Build.0 = Debug|x64
		{6D4E106C-0DB9-3A58-95FB-96D1CEE6D8FC}.MinSizeRel|x64.ActiveCfg = MinSizeRel|x64
		{6D4E106C-0DB9-3A58-95FB-96D1CEE6D8FC}.MinSizeRel|x64.Build.0 = MinSizeRel|x64
		{6D4E106C-0DB9-3A58-95FB-96D1CEE6D8FC}.Release|x64.ActiveCfg = Release|x64
		{6D4E106C-0DB9-3A58-95FB-96D1CEE6D8FC}.Release|x64.Build.0 = Release|x64
		{6D4E106C-0DB9-3A58-95FB-96D1CEE6D8FC}.RelWithDebInfo|x64.ActiveCfg = RelWithDebInfo|x64
		{6D4E106C-0DB9-3A58-95FB-96D1CEE6D8FC}.RelWithDebInfo|x64.Build.0 = RelWithDebInfo|x64
		{3AF47982-C1B9-3E1A-896E-814A2646F467}.Debug|x64.ActiveCfg = Debug|x64
		{3AF47982-C1B9-3E1A-896E-814A2646F467}.Debug|x64.Build.0 = Debug|x64
		{3AF47982-C1B9-3E1A-896E-814A2646F467}.MinSizeRel|x64.ActiveCfg = MinSizeRel|x64
		{3AF47982-C1B9-3E1A-896E-814A2646F467}.MinSizeRel|x64.Build.0 = MinSizeRel|x64
		{3AF47982-C1B9-3E1A-896E-814A2646F467}.Release|x64.ActiveCfg = Release|x64
		{3AF47982-C1B9-3E1A-896E-814A2646F467}.Release|x64.Build.0 = Release|x64
		{3AF47982-C1B9-3E1A-896E-814A2646F467}.RelWithDebInfo|x64.ActiveCfg = RelWithDebInfo|x64
		{3AF47982-C1B9-3E1A-896E-814A2646F467}.RelWithDebInfo|x64.Build.0 = RelWithDebInfo|x64
		{EE8276A4-A1DD-3C4F-B9EF-9BF55415754F}.Debug|x64.ActiveCfg = Debug|x64
		{EE8276A4-A1DD-3C4F-B9EF-9BF55415754F}.Debug|x64.Build.0 = Debug|x64
		{EE8276A4-A1DD-3C4F-B9EF-9BF55415754F}.MinSizeRel|x64.ActiveCfg = MinSizeRel|x64
		{EE8276A4-A1DD-3C4F-B9EF-9BF55415754F}.MinSizeRel|x64.Build.0 = MinSizeRel|x64
		{EE8276A4-A1DD-3C4F-B9EF-9BF55415754F}.Release|x64.ActiveCfg = Release|x64
		{EE8276A4-A1DD-3C4F-B9EF-9BF55415754F}.Release|x64.Build.0 = Release|x64
		{EE8276A4-A1DD-3C4F-B9EF-9BF55415754F}.RelWithDebInfo|x64.ActiveCfg = RelWithDebInfo|x64
		{EE8276A4-A1DD-3C4F-B9EF-9BF55415754F}.RelWithDebInfo|x64.Build.0 = RelWithDebInfo|x64
		{88523862-518C-3AC9-9400-24160CB9CB5F}.Debug|x64.ActiveCfg = Debug|x64
		{88523862-518C-3AC9-9400-24160CB9CB5F}.Debug|x64.Build.0 = Debug|x64
		{88523862-518C-3AC9-9400-24160CB9CB5F}.MinSizeRel|x64.ActiveCfg = MinSizeRel|x64
		{88523862-518C-3AC9-9400-24160CB9CB5F}.MinSizeRel|x64.Build.0 = MinSizeRel|x64
		{88523862-518C-3AC9-9400-24160CB9CB5F}.Release|x64.ActiveCfg = Release|x64
		{88523862-518C-3AC9-9400-24160CB9CB5F}.Release|x64.Build.0 = Release|x64
		{88523862-518C-3AC9-9400-24160CB9CB5F}.RelWithDebInfo|x64.ActiveCfg = RelWithDebInfo|x64
		{88523862-518C-3AC9-9400-24160CB9CB5F}.RelWithDebInfo|x64.Build.0 = RelWithDebInfo|x64
		{14D49033-82C0-3F9C-AAE9-74A24A9DE456}.Debug|x64.ActiveCfg = Debug|x64
		{14D49033-82C0-3F9C-AAE9-74A24A9DE456}.Debug|x64.Build.0 = Debug|x64
		{14D49033-82C0-3F9C-AAE9-74A24A9DE456}.MinSizeRel|x64.ActiveCfg = MinSizeRel|x64
		{14D49033-82C0-3F9C-AAE9-74A24A9DE456}.MinSizeRel|x64.Build.0 = MinSizeRel|x64
		{14D49033-82C0-3F9C-AAE9-74A24A9DE456}.Release|x64.ActiveCfg = Release|x64
		{14D49033-82C0-3F9C-AAE9-74A24A9DE456}.Release|x64.Build.0 = Release|x64
		{14D49033-82C0-3F9C-AAE9-74A24A9DE456}.RelWithDebInfo|x64.ActiveCfg = RelWithDebInfo|x64
		{14D49033-82C0-3F9C-AAE9-74A24A9DE456}.RelWithDebInfo|x64.Build.0 = RelWithDebInfo|x64
		{605CAA4A-EAC9-39AA-8879-9D3AD24BDF5C}.Debug|x64.ActiveCfg = Debug|x64
		{605CAA4A-EAC9-39AA-8879-9D3AD24BDF5C}.Debug|x64.Build.0 = Debug|x64
		{605CAA4A-EAC9-39AA-8879-9D3AD24BDF5C}.MinSizeRel|x64.ActiveCfg = MinSizeRel|x64
		{605CAA4A-EAC9-39AA-8879-9D3AD24BDF5C}.MinSizeRel|x64.Build.0 = MinSizeRel|x64
		{605CAA4A-EAC9-39AA-8879-9D3AD24BDF5C}.Release|x64.ActiveCfg = Release|x64
		{605CAA4A-EAC9-39AA-8879-9D3AD24BDF5C}.Release|x64.Build.0 = Release|x64
		{605CAA4A-EAC9-39AA-8879-9D3AD24BDF5C}.RelWithDebInfo|x64.ActiveCfg = RelWithDebInfo|x64
		{605CAA4A-EAC9-39AA-8879-9D3AD24BDF5C}.RelWithDebInfo|x64.Build.0 = RelWithDebInfo|x64
	EndGlobalSection
	GlobalSection(SolutionProperties) = preSolution
		HideSolutionNode = FALSE
	EndGlobalSection
	GlobalSection(ExtensibilityGlobals) = postSolution
		SolutionGuid = {2DA02879-0CC6-324A-A93D-B0497510EE97}
	EndGlobalSection
EndGlobal
