<?xml version="1.0" encoding="utf-8"?>
<Project ToolsVersion="16.0" xmlns="http://schemas.microsoft.com/developer/msbuild/2003">
  <ItemGroup>
    <ClCompile Include="C:\AeroMap\Lib\geos-3.13.0\tests\xmltester\tinyxml2\tinyxml2.cpp">
      <Filter>Source Files</Filter>
    </ClCompile>
  </ItemGroup>
  <ItemGroup>
    <ClInclude Include="C:\AeroMap\Lib\geos-3.13.0\tests\xmltester\tinyxml2\tinyxml2.h">
      <Filter>Header Files</Filter>
    </ClInclude>
  </ItemGroup>
  <ItemGroup>
    <CustomBuild Include="C:\AeroMap\Lib\geos-3.13.0\tests\xmltester\CMakeLists.txt" />
  </ItemGroup>
  <ItemGroup>
    <Filter Include="Header Files">
      <UniqueIdentifier>{E87CA01C-E3B7-3EC3-B9FF-F2A5F3112122}</UniqueIdentifier>
    </Filter>
    <Filter Include="Source Files">
      <UniqueIdentifier>{DD2137F4-727F-3664-8D6E-30BF7960143E}</UniqueIdentifier>
    </Filter>
  </ItemGroup>
</Project>
